
Microsoft Visual Studio Solution File, Format Version 12.00
# Visual Studio Version 17
VisualStudioVersion = 17.4.33205.214
MinimumVisualStudioVersion = 10.0.40219.1
Project("{FAE04EC0-301F-11D3-BF4B-00C04F79EFBC}") = "masa", "masa\masa.csproj", "{0448FED8-82EF-4900-8ACC-11FA9DA61DAB}"
EndProject
Global
	GlobalSection(SolutionConfigurationPlatforms) = preSolution
		Debug|Any CPU = Debug|Any CPU
		Release|Any CPU = Release|Any CPU
	EndGlobalSection
	GlobalSection(ProjectConfigurationPlatforms) = postSolution
		{0448FED8-82EF-4900-8ACC-11FA9DA61DAB}.Debug|Any CPU.ActiveCfg = Debug|Any CPU
		{0448FED8-82EF-4900-8ACC-11FA9DA61DAB}.Debug|Any CPU.Build.0 = Debug|Any CPU
		{0448FED8-82EF-4900-8ACC-11FA9DA61DAB}.Release|Any CPU.ActiveCfg = Release|Any CPU
		{0448FED8-82EF-4900-8ACC-11FA9DA61DAB}.Release|Any CPU.Build.0 = Release|Any CPU
	EndGlobalSection
	GlobalSection(SolutionProperties) = preSolution
		HideSolutionNode = FALSE
	EndGlobalSection
	GlobalSection(ExtensibilityGlobals) = postSolution
		SolutionGuid = {FDF42189-B427-4D86-96E1-9369CC8E4E71}
	EndGlobalSection
EndGlobal
